{
  "name": "pos-cli-yeoman-fixtures",
  "lockfileVersion": 3,
  "requires": true,
  "packages": {
    "": {
      "name": "pos-cli-yeoman-fixtures",
      "dependencies": {
        "lodash.startcase": "^4.4.0",
        "pluralize": "^8.0.0"
      }
    },
    "node_modules/lodash.startcase": {
      "version": "4.4.0",
      "resolved": "https://registry.npmjs.org/lodash.startcase/-/lodash.startcase-4.4.0.tgz",
      "integrity": "sha512-+WKqsK294HMSc2jEbNgpHpd0JfIBhp7rEV4aqXWqFr6AlXov+SlcgB1Fv01y2kGe3Gc8nMW7VA0SrGuSkRfIEg==",
      "license": "MIT"
    },
    "node_modules/pluralize": {
      "version": "8.0.0",
      "resolved": "https://registry.npmjs.org/pluralize/-/pluralize-8.0.0.tgz",
      "integrity": "sha512-Nc3IT5yHzflTfbjgqWcCPpo7DaKy4FnpB0l/zCAW0Tc7jxAiuqSxHasntB3D7887LSrA93kDJ9IXovxJYxyLCA==",
      "license": "MIT",
      "engines": {
        "node": ">=4"
      }
    }
  }
}
